
Microsoft Visual Studio Solution File, Format Version 12.00
# Visual Studio Version 16
VisualStudioVersion = 16.0.29102.190
MinimumVisualStudioVersion = 10.0.40219.1
Project("{9A19103F-16F7-4668-BE54-9A1E7A4F7556}") = "DNC.Example.API", "DNC.Example.API\DNC.Example.API.csproj", "{395DBD70-DD95-437B-A83E-16275B2536F1}"
EndProject
Project("{9A19103F-16F7-4668-BE54-9A1E7A4F7556}") = "DNC.Example.DAL", "DNC.Example.DAL\DNC.Example.DAL.csproj", "{45CA0D74-309C-46D1-BFE1-7860F3E85072}"
EndProject
Global
	GlobalSection(SolutionConfigurationPlatforms) = preSolution
		Debug|Any CPU = Debug|Any CPU
		Release|Any CPU = Release|Any CPU
	EndGlobalSection
	GlobalSection(ProjectConfigurationPlatforms) = postSolution
		{395DBD70-DD95-437B-A83E-16275B2536F1}.Debug|Any CPU.ActiveCfg = Debug|Any CPU
		{395DBD70-DD95-437B-A83E-16275B2536F1}.Debug|Any CPU.Build.0 = Debug|Any CPU
		{395DBD70-DD95-437B-A83E-16275B2536F1}.Release|Any CPU.ActiveCfg = Release|Any CPU
		{395DBD70-DD95-437B-A83E-16275B2536F1}.Release|Any CPU.Build.0 = Release|Any CPU
		{45CA0D74-309C-46D1-BFE1-7860F3E85072}.Debug|Any CPU.ActiveCfg = Debug|Any CPU
		{45CA0D74-309C-46D1-BFE1-7860F3E85072}.Debug|Any CPU.Build.0 = Debug|Any CPU
		{45CA0D74-309C-46D1-BFE1-7860F3E85072}.Release|Any CPU.ActiveCfg = Release|Any CPU
		{45CA0D74-309C-46D1-BFE1-7860F3E85072}.Release|Any CPU.Build.0 = Release|Any CPU
	EndGlobalSection
	GlobalSection(SolutionProperties) = preSolution
		HideSolutionNode = FALSE
	EndGlobalSection
	GlobalSection(ExtensibilityGlobals) = postSolution
		SolutionGuid = {5DFFD21E-110A-4B28-AC61-2CE26AAA8165}
	EndGlobalSection
EndGlobal
